// !$*UTF8*$!
{
	archiveVersion = 1;
	classes = {
	};
	objectVersion = 56;
	objects = {

/* Begin PBXBuildFile section */
		419327F629A356F7007650AA /* AppDelegate.swift in Sources */ = {isa = PBXBuildFile; fileRef = 419327F529A356F7007650AA /* AppDelegate.swift */; };
		419327F829A356F7007650AA /* SceneDelegate.swift in Sources */ = {isa = PBXBuildFile; fileRef = 419327F729A356F7007650AA /* SceneDelegate.swift */; };
		419327FA29A356F7007650AA /* ViewController.swift in Sources */ = {isa = PBXBuildFile; fileRef = 419327F929A356F7007650AA /* ViewController.swift */; };
		419327FD29A356F7007650AA /* Main.storyboard in Resources */ = {isa = PBXBuildFile; fileRef = 419327FB29A356F7007650AA /* Main.storyboard */; };
		4193280029A356F7007650AA /* ImageDownloadApp.xcdatamodeld in Sources */ = {isa = PBXBuildFile; fileRef = 419327FE29A356F7007650AA /* ImageDownloadApp.xcdatamodeld */; };
		4193280229A356F9007650AA /* Assets.xcassets in Resources */ = {isa = PBXBuildFile; fileRef = 4193280129A356F9007650AA /* Assets.xcassets */; };
		4193280529A356F9007650AA /* LaunchScreen.storyboard in Resources */ = {isa = PBXBuildFile; fileRef = 4193280329A356F9007650AA /* LaunchScreen.storyboard */; };
		4193281029A356F9007650AA /* ImageDownloadAppTests.swift in Sources */ = {isa = PBXBuildFile; fileRef = 4193280F29A356F9007650AA /* ImageDownloadAppTests.swift */; };
		4193281A29A356FA007650AA /* ImageDownloadAppUITests.swift in Sources */ = {isa = PBXBuildFile; fileRef = 4193281929A356FA007650AA /* ImageDownloadAppUITests.swift */; };
		4193281C29A356FA007650AA /* ImageDownloadAppUITestsLaunchTests.swift in Sources */ = {isa = PBXBuildFile; fileRef = 4193281B29A356FA007650AA /* ImageDownloadAppUITestsLaunchTests.swift */; };
		4193839C29A35D0100417EDE /* ImageData.swift in Sources */ = {isa = PBXBuildFile; fileRef = 4193839B29A35D0100417EDE /* ImageData.swift */; };
		41F11F9629ADB1AF0026EB78 /* UIImageView.swift in Sources */ = {isa = PBXBuildFile; fileRef = 41F11F9529ADB1AF0026EB78 /* UIImageView.swift */; };
/* End PBXBuildFile section */

/* Begin PBXContainerItemProxy section */
		4193280C29A356F9007650AA /* PBXContainerItemProxy */ = {
			isa = PBXContainerItemProxy;
			containerPortal = 419327EA29A356F7007650AA /* Project object */;
			proxyType = 1;
			remoteGlobalIDString = 419327F129A356F7007650AA;
			remoteInfo = ImageDownloadApp;
		};
		4193281629A356FA007650AA /* PBXContainerItemProxy */ = {
			isa = PBXContainerItemProxy;
			containerPortal = 419327EA29A356F7007650AA /* Project object */;
			proxyType = 1;
			remoteGlobalIDString = 419327F129A356F7007650AA;
			remoteInfo = ImageDownloadApp;
		};
/* End PBXContainerItemProxy section */

/* Begin PBXFileReference section */
		419327F229A356F7007650AA /* ImageDownloadApp.app */ = {isa = PBXFileReference; explicitFileType = wrapper.application; includeInIndex = 0; path = ImageDownloadApp.app; sourceTree = BUILT_PRODUCTS_DIR; };
		419327F529A356F7007650AA /* AppDelegate.swift */ = {isa = PBXFileReference; lastKnownFileType = sourcecode.swift; path = AppDelegate.swift; sourceTree = "<group>"; };
		419327F729A356F7007650AA /* SceneDelegate.swift */ = {isa = PBXFileReference; lastKnownFileType = sourcecode.swift; path = SceneDelegate.swift; sourceTree = "<group>"; };
		419327F929A356F7007650AA /* ViewController.swift */ = {isa = PBXFileReference; lastKnownFileType = sourcecode.swift; path = ViewController.swift; sourceTree = "<group>"; };
		419327FC29A356F7007650AA /* Base */ = {isa = PBXFileReference; lastKnownFileType = file.storyboard; name = Base; path = Base.lproj/Main.storyboard; sourceTree = "<group>"; };
		419327FF29A356F7007650AA /* ImageDownloadApp.xcdatamodel */ = {isa = PBXFileReference; lastKnownFileType = wrapper.xcdatamodel; path = ImageDownloadApp.xcdatamodel; sourceTree = "<group>"; };
		4193280129A356F9007650AA /* Assets.xcassets */ = {isa = PBXFileReference; lastKnownFileType = folder.assetcatalog; path = Assets.xcassets; sourceTree = "<group>"; };
		4193280429A356F9007650AA /* Base */ = {isa = PBXFileReference; lastKnownFileType = file.storyboard; name = Base; path = Base.lproj/LaunchScreen.storyboard; sourceTree = "<group>"; };
		4193280629A356F9007650AA /* Info.plist */ = {isa = PBXFileReference; lastKnownFileType = text.plist.xml; path = Info.plist; sourceTree = "<group>"; };
		4193280B29A356F9007650AA /* ImageDownloadAppTests.xctest */ = {isa = PBXFileReference; explicitFileType = wrapper.cfbundle; includeInIndex = 0; path = ImageDownloadAppTests.xctest; sourceTree = BUILT_PRODUCTS_DIR; };
		4193280F29A356F9007650AA /* ImageDownloadAppTests.swift */ = {isa = PBXFileReference; lastKnownFileType = sourcecode.swift; path = ImageDownloadAppTests.swift; sourceTree = "<group>"; };
		4193281529A356FA007650AA /* ImageDownloadAppUITests.xctest */ = {isa = PBXFileReference; explicitFileType = wrapper.cfbundle; includeInIndex = 0; path = ImageDownloadAppUITests.xctest; sourceTree = BUILT_PRODUCTS_DIR; };
		4193281929A356FA007650AA /* ImageDownloadAppUITests.swift */ = {isa = PBXFileReference; lastKnownFileType = sourcecode.swift; path = ImageDownloadAppUITests.swift; sourceTree = "<group>"; };
		4193281B29A356FA007650AA /* ImageDownloadAppUITestsLaunchTests.swift */ = {isa = PBXFileReference; lastKnownFileType = sourcecode.swift; path = ImageDownloadAppUITestsLaunchTests.swift; sourceTree = "<group>"; };
		4193839B29A35D0100417EDE /* ImageData.swift */ = {isa = PBXFileReference; lastKnownFileType = sourcecode.swift; path = ImageData.swift; sourceTree = "<group>"; };
		41F11F9529ADB1AF0026EB78 /* UIImageView.swift */ = {isa = PBXFileReference; lastKnownFileType = sourcecode.swift; path = UIImageView.swift; sourceTree = "<group>"; };
/* End PBXFileReference section */

/* Begin PBXFrameworksBuildPhase section */
		419327EF29A356F7007650AA /* Frameworks */ = {
			isa = PBXFrameworksBuildPhase;
			buildActionMask = 2147483647;
			files = (
			);
			runOnlyForDeploymentPostprocessing = 0;
		};
		4193280829A356F9007650AA /* Frameworks */ = {
			isa = PBXFrameworksBuildPhase;
			buildActionMask = 2147483647;
			files = (
			);
			runOnlyForDeploymentPostprocessing = 0;
		};
		4193281229A356FA007650AA /* Frameworks */ = {
			isa = PBXFrameworksBuildPhase;
			buildActionMask = 2147483647;
			files = (
			);
			runOnlyForDeploymentPostprocessing = 0;
		};
/* End PBXFrameworksBuildPhase section */

/* Begin PBXGroup section */
		419327E929A356F7007650AA = {
			isa = PBXGroup;
			children = (
				419327F429A356F7007650AA /* ImageDownloadApp */,
				4193280E29A356F9007650AA /* ImageDownloadAppTests */,
				4193281829A356FA007650AA /* ImageDownloadAppUITests */,
				419327F329A356F7007650AA /* Products */,
			);
			sourceTree = "<group>";
		};
		419327F329A356F7007650AA /* Products */ = {
			isa = PBXGroup;
			children = (
				419327F229A356F7007650AA /* ImageDownloadApp.app */,
				4193280B29A356F9007650AA /* ImageDownloadAppTests.xctest */,
				4193281529A356FA007650AA /* ImageDownloadAppUITests.xctest */,
			);
			name = Products;
			sourceTree = "<group>";
		};
		419327F429A356F7007650AA /* ImageDownloadApp */ = {
			isa = PBXGroup;
			children = (
				4193839729A35AE600417EDE /* App */,
				4193839829A35C0800417EDE /* Model */,
				4193839929A35C1300417EDE /* View */,
				4193839A29A35C1E00417EDE /* Controller */,
				41F11F9429ADB1980026EB78 /* Extension */,
				419327FB29A356F7007650AA /* Main.storyboard */,
				4193280329A356F9007650AA /* LaunchScreen.storyboard */,
				4193280129A356F9007650AA /* Assets.xcassets */,
				4193280629A356F9007650AA /* Info.plist */,
				419327FE29A356F7007650AA /* ImageDownloadApp.xcdatamodeld */,
			);
			path = ImageDownloadApp;
			sourceTree = "<group>";
		};
		4193280E29A356F9007650AA /* ImageDownloadAppTests */ = {
			isa = PBXGroup;
			children = (
				4193280F29A356F9007650AA /* ImageDownloadAppTests.swift */,
			);
			path = ImageDownloadAppTests;
			sourceTree = "<group>";
		};
		4193281829A356FA007650AA /* ImageDownloadAppUITests */ = {
			isa = PBXGroup;
			children = (
				4193281929A356FA007650AA /* ImageDownloadAppUITests.swift */,
				4193281B29A356FA007650AA /* ImageDownloadAppUITestsLaunchTests.swift */,
			);
			path = ImageDownloadAppUITests;
			sourceTree = "<group>";
		};
		4193839729A35AE600417EDE /* App */ = {
			isa = PBXGroup;
			children = (
				419327F529A356F7007650AA /* AppDelegate.swift */,
				419327F729A356F7007650AA /* SceneDelegate.swift */,
			);
			path = App;
			sourceTree = "<group>";
		};
		4193839829A35C0800417EDE /* Model */ = {
			isa = PBXGroup;
			children = (
				4193839B29A35D0100417EDE /* ImageData.swift */,
			);
			path = Model;
			sourceTree = "<group>";
		};
		4193839929A35C1300417EDE /* View */ = {
			isa = PBXGroup;
			children = (
			);
			path = View;
			sourceTree = "<group>";
		};
		4193839A29A35C1E00417EDE /* Controller */ = {
			isa = PBXGroup;
			children = (
				419327F929A356F7007650AA /* ViewController.swift */,
			);
			path = Controller;
			sourceTree = "<group>";
		};
		41F11F9429ADB1980026EB78 /* Extension */ = {
			isa = PBXGroup;
			children = (
				41F11F9529ADB1AF0026EB78 /* UIImageView.swift */,
			);
			path = Extension;
			sourceTree = "<group>";
		};
/* End PBXGroup section */

/* Begin PBXNativeTarget section */
		419327F129A356F7007650AA /* ImageDownloadApp */ = {
			isa = PBXNativeTarget;
			buildConfigurationList = 4193281F29A356FA007650AA /* Build configuration list for PBXNativeTarget "ImageDownloadApp" */;
			buildPhases = (
				419327EE29A356F7007650AA /* Sources */,
				419327EF29A356F7007650AA /* Frameworks */,
				419327F029A356F7007650AA /* Resources */,
			);
			buildRules = (
			);
			dependencies = (
			);
			name = ImageDownloadApp;
			productName = ImageDownloadApp;
			productReference = 419327F229A356F7007650AA /* ImageDownloadApp.app */;
			productType = "com.apple.product-type.application";
		};
		4193280A29A356F9007650AA /* ImageDownloadAppTests */ = {
			isa = PBXNativeTarget;
			buildConfigurationList = 4193282229A356FA007650AA /* Build configuration list for PBXNativeTarget "ImageDownloadAppTests" */;
			buildPhases = (
				4193280729A356F9007650AA /* Sources */,
				4193280829A356F9007650AA /* Frameworks */,
				4193280929A356F9007650AA /* Resources */,
			);
			buildRules = (
			);
			dependencies = (
				4193280D29A356F9007650AA /* PBXTargetDependency */,
			);
			name = ImageDownloadAppTests;
			productName = ImageDownloadAppTests;
			productReference = 4193280B29A356F9007650AA /* ImageDownloadAppTests.xctest */;
			productType = "com.apple.product-type.bundle.unit-test";
		};
		4193281429A356FA007650AA /* ImageDownloadAppUITests */ = {
			isa = PBXNativeTarget;
			buildConfigurationList = 4193282529A356FA007650AA /* Build configuration list for PBXNativeTarget "ImageDownloadAppUITests" */;
			buildPhases = (
				4193281129A356FA007650AA /* Sources */,
				4193281229A356FA007650AA /* Frameworks */,
				4193281329A356FA007650AA /* Resources */,
			);
			buildRules = (
			);
			dependencies = (
				4193281729A356FA007650AA /* PBXTargetDependency */,
			);
			name = ImageDownloadAppUITests;
			productName = ImageDownloadAppUITests;
			productReference = 4193281529A356FA007650AA /* ImageDownloadAppUITests.xctest */;
			productType = "com.apple.product-type.bundle.ui-testing";
		};
/* End PBXNativeTarget section */

/* Begin PBXProject section */
		419327EA29A356F7007650AA /* Project object */ = {
			isa = PBXProject;
			attributes = {
				BuildIndependentTargetsInParallel = 1;
				LastSwiftUpdateCheck = 1420;
				LastUpgradeCheck = 1420;
				TargetAttributes = {
					419327F129A356F7007650AA = {
						CreatedOnToolsVersion = 14.2;
					};
					4193280A29A356F9007650AA = {
						CreatedOnToolsVersion = 14.2;
						TestTargetID = 419327F129A356F7007650AA;
					};
					4193281429A356FA007650AA = {
						CreatedOnToolsVersion = 14.2;
						TestTargetID = 419327F129A356F7007650AA;
					};
				};
			};
			buildConfigurationList = 419327ED29A356F7007650AA /* Build configuration list for PBXProject "ImageDownloadApp" */;
			compatibilityVersion = "Xcode 14.0";
			developmentRegion = en;
			hasScannedForEncodings = 0;
			knownRegions = (
				en,
				Base,
			);
			mainGroup = 419327E929A356F7007650AA;
			productRefGroup = 419327F329A356F7007650AA /* Products */;
			projectDirPath = "";
			projectRoot = "";
			targets = (
				419327F129A356F7007650AA /* ImageDownloadApp */,
				4193280A29A356F9007650AA /* ImageDownloadAppTests */,
				4193281429A356FA007650AA /* ImageDownloadAppUITests */,
			);
		};
/* End PBXProject section */

/* Begin PBXResourcesBuildPhase section */
		419327F029A356F7007650AA /* Resources */ = {
			isa = PBXResourcesBuildPhase;
			buildActionMask = 2147483647;
			files = (
				4193280529A356F9007650AA /* LaunchScreen.storyboard in Resources */,
				4193280229A356F9007650AA /* Assets.xcassets in Resources */,
				419327FD29A356F7007650AA /* Main.storyboard in Resources */,
			);
			runOnlyForDeploymentPostprocessing = 0;
		};
		4193280929A356F9007650AA /* Resources */ = {
			isa = PBXResourcesBuildPhase;
			buildActionMask = 2147483647;
			files = (
			);
			runOnlyForDeploymentPostprocessing = 0;
		};
		4193281329A356FA007650AA /* Resources */ = {
			isa = PBXResourcesBuildPhase;
			buildActionMask = 2147483647;
			files = (
			);
			runOnlyForDeploymentPostprocessing = 0;
		};
/* End PBXResourcesBuildPhase section */

/* Begin PBXSourcesBuildPhase section */
		419327EE29A356F7007650AA /* Sources */ = {
			isa = PBXSourcesBuildPhase;
			buildActionMask = 2147483647;
			files = (
				41F11F9629ADB1AF0026EB78 /* UIImageView.swift in Sources */,
				419327FA29A356F7007650AA /* ViewController.swift in Sources */,
				4193280029A356F7007650AA /* ImageDownloadApp.xcdatamodeld in Sources */,
				419327F629A356F7007650AA /* AppDelegate.swift in Sources */,
				4193839C29A35D0100417EDE /* ImageData.swift in Sources */,
				419327F829A356F7007650AA /* SceneDelegate.swift in Sources */,
			);
			runOnlyForDeploymentPostprocessing = 0;
		};
		4193280729A356F9007650AA /* Sources */ = {
			isa = PBXSourcesBuildPhase;
			buildActionMask = 2147483647;
			files = (
				4193281029A356F9007650AA /* ImageDownloadAppTests.swift in Sources */,
			);
			runOnlyForDeploymentPostprocessing = 0;
		};
		4193281129A356FA007650AA /* Sources */ = {
			isa = PBXSourcesBuildPhase;
			buildActionMask = 2147483647;
			files = (
				4193281C29A356FA007650AA /* ImageDownloadAppUITestsLaunchTests.swift in Sources */,
				4193281A29A356FA007650AA /* ImageDownloadAppUITests.swift in Sources */,
			);
			runOnlyForDeploymentPostprocessing = 0;
		};
/* End PBXSourcesBuildPhase section */

/* Begin PBXTargetDependency section */
		4193280D29A356F9007650AA /* PBXTargetDependency */ = {
			isa = PBXTargetDependency;
			target = 419327F129A356F7007650AA /* ImageDownloadApp */;
			targetProxy = 4193280C29A356F9007650AA /* PBXContainerItemProxy */;
		};
		4193281729A356FA007650AA /* PBXTargetDependency */ = {
			isa = PBXTargetDependency;
			target = 419327F129A356F7007650AA /* ImageDownloadApp */;
			targetProxy = 4193281629A356FA007650AA /* PBXContainerItemProxy */;
		};
/* End PBXTargetDependency section */

/* Begin PBXVariantGroup section */
		419327FB29A356F7007650AA /* Main.storyboard */ = {
			isa = PBXVariantGroup;
			children = (
				419327FC29A356F7007650AA /* Base */,
			);
			name = Main.storyboard;
			sourceTree = "<group>";
		};
		4193280329A356F9007650AA /* LaunchScreen.storyboard */ = {
			isa = PBXVariantGroup;
			children = (
				4193280429A356F9007650AA /* Base */,
			);
			name = LaunchScreen.storyboard;
			sourceTree = "<group>";
		};
/* End PBXVariantGroup section */

/* Begin XCBuildConfiguration section */
		4193281D29A356FA007650AA /* Debug */ = {
			isa = XCBuildConfiguration;
			buildSettings = {
				ALWAYS_SEARCH_USER_PATHS = NO;
				CLANG_ANALYZER_NONNULL = YES;
				CLANG_ANALYZER_NUMBER_OBJECT_CONVERSION = YES_AGGRESSIVE;
				CLANG_CXX_LANGUAGE_STANDARD = "gnu++20";
				CLANG_ENABLE_MODULES = YES;
				CLANG_ENABLE_OBJC_ARC = YES;
				CLANG_ENABLE_OBJC_WEAK = YES;
				CLANG_WARN_BLOCK_CAPTURE_AUTORELEASING = YES;
				CLANG_WARN_BOOL_CONVERSION = YES;
				CLANG_WARN_COMMA = YES;
				CLANG_WARN_CONSTANT_CONVERSION = YES;
				CLANG_WARN_DEPRECATED_OBJC_IMPLEMENTATIONS = YES;
				CLANG_WARN_DIRECT_OBJC_ISA_USAGE = YES_ERROR;
				CLANG_WARN_DOCUMENTATION_COMMENTS = YES;
				CLANG_WARN_EMPTY_BODY = YES;
				CLANG_WARN_ENUM_CONVERSION = YES;
				CLANG_WARN_INFINITE_RECURSION = YES;
				CLANG_WARN_INT_CONVERSION = YES;
				CLANG_WARN_NON_LITERAL_NULL_CONVERSION = YES;
				CLANG_WARN_OBJC_IMPLICIT_RETAIN_SELF = YES;
				CLANG_WARN_OBJC_LITERAL_CONVERSION = YES;
				CLANG_WARN_OBJC_ROOT_CLASS = YES_ERROR;
				CLANG_WARN_QUOTED_INCLUDE_IN_FRAMEWORK_HEADER = YES;
				CLANG_WARN_RANGE_LOOP_ANALYSIS = YES;
				CLANG_WARN_STRICT_PROTOTYPES = YES;
				CLANG_WARN_SUSPICIOUS_MOVE = YES;
				CLANG_WARN_UNGUARDED_AVAILABILITY = YES_AGGRESSIVE;
				CLANG_WARN_UNREACHABLE_CODE = YES;
				CLANG_WARN__DUPLICATE_METHOD_MATCH = YES;
				COPY_PHASE_STRIP = NO;
				DEBUG_INFORMATION_FORMAT = dwarf;
				ENABLE_STRICT_OBJC_MSGSEND = YES;
				ENABLE_TESTABILITY = YES;
				GCC_C_LANGUAGE_STANDARD = gnu11;
				GCC_DYNAMIC_NO_PIC = NO;
				GCC_NO_COMMON_BLOCKS = YES;
				GCC_OPTIMIZATION_LEVEL = 0;
				GCC_PREPROCESSOR_DEFINITIONS = (
					"DEBUG=1",
					"$(inherited)",
				);
				GCC_WARN_64_TO_32_BIT_CONVERSION = YES;
				GCC_WARN_ABOUT_RETURN_TYPE = YES_ERROR;
				GCC_WARN_UNDECLARED_SELECTOR = YES;
				GCC_WARN_UNINITIALIZED_AUTOS = YES_AGGRESSIVE;
				GCC_WARN_UNUSED_FUNCTION = YES;
				GCC_WARN_UNUSED_VARIABLE = YES;
				IPHONEOS_DEPLOYMENT_TARGET = 16.2;
				MTL_ENABLE_DEBUG_INFO = INCLUDE_SOURCE;
				MTL_FAST_MATH = YES;
				ONLY_ACTIVE_ARCH = YES;
				SDKROOT = iphoneos;
				SWIFT_ACTIVE_COMPILATION_CONDITIONS = DEBUG;
				SWIFT_OPTIMIZATION_LEVEL = "-Onone";
			};
			name = Debug;
		};
		4193281E29A356FA007650AA /* Release */ = {
			isa = XCBuildConfiguration;
			buildSettings = {
				ALWAYS_SEARCH_USER_PATHS = NO;
				CLANG_ANALYZER_NONNULL = YES;
				CLANG_ANALYZER_NUMBER_OBJECT_CONVERSION = YES_AGGRESSIVE;
				CLANG_CXX_LANGUAGE_STANDARD = "gnu++20";
				CLANG_ENABLE_MODULES = YES;
				CLANG_ENABLE_OBJC_ARC = YES;
				CLANG_ENABLE_OBJC_WEAK = YES;
				CLANG_WARN_BLOCK_CAPTURE_AUTORELEASING = YES;
				CLANG_WARN_BOOL_CONVERSION = YES;
				CLANG_WARN_COMMA = YES;
				CLANG_WARN_CONSTANT_CONVERSION = YES;
				CLANG_WARN_DEPRECATED_OBJC_IMPLEMENTATIONS = YES;
				CLANG_WARN_DIRECT_OBJC_ISA_USAGE = YES_ERROR;
				CLANG_WARN_DOCUMENTATION_COMMENTS = YES;
				CLANG_WARN_EMPTY_BODY = YES;
				CLANG_WARN_ENUM_CONVERSION = YES;
				CLANG_WARN_INFINITE_RECURSION = YES;
				CLANG_WARN_INT_CONVERSION = YES;
				CLANG_WARN_NON_LITERAL_NULL_CONVERSION = YES;
				CLANG_WARN_OBJC_IMPLICIT_RETAIN_SELF = YES;
				CLANG_WARN_OBJC_LITERAL_CONVERSION = YES;
				CLANG_WARN_OBJC_ROOT_CLASS = YES_ERROR;
				CLANG_WARN_QUOTED_INCLUDE_IN_FRAMEWORK_HEADER = YES;
				CLANG_WARN_RANGE_LOOP_ANALYSIS = YES;
				CLANG_WARN_STRICT_PROTOTYPES = YES;
				CLANG_WARN_SUSPICIOUS_MOVE = YES;
				CLANG_WARN_UNGUARDED_AVAILABILITY = YES_AGGRESSIVE;
				CLANG_WARN_UNREACHABLE_CODE = YES;
				CLANG_WARN__DUPLICATE_METHOD_MATCH = YES;
				COPY_PHASE_STRIP = NO;
				DEBUG_INFORMATION_FORMAT = "dwarf-with-dsym";
				ENABLE_NS_ASSERTIONS = NO;
				ENABLE_STRICT_OBJC_MSGSEND = YES;
				GCC_C_LANGUAGE_STANDARD = gnu11;
				GCC_NO_COMMON_BLOCKS = YES;
				GCC_WARN_64_TO_32_BIT_CONVERSION = YES;
				GCC_WARN_ABOUT_RETURN_TYPE = YES_ERROR;
				GCC_WARN_UNDECLARED_SELECTOR = YES;
				GCC_WARN_UNINITIALIZED_AUTOS = YES_AGGRESSIVE;
				GCC_WARN_UNUSED_FUNCTION = YES;
				GCC_WARN_UNUSED_VARIABLE = YES;
				IPHONEOS_DEPLOYMENT_TARGET = 16.2;
				MTL_ENABLE_DEBUG_INFO = NO;
				MTL_FAST_MATH = YES;
				SDKROOT = iphoneos;
				SWIFT_COMPILATION_MODE = wholemodule;
				SWIFT_OPTIMIZATION_LEVEL = "-O";
				VALIDATE_PRODUCT = YES;
			};
			name = Release;
		};
		4193282029A356FA007650AA /* Debug */ = {
			isa = XCBuildConfiguration;
			buildSettings = {
				ASSETCATALOG_COMPILER_APPICON_NAME = AppIcon;
				ASSETCATALOG_COMPILER_GLOBAL_ACCENT_COLOR_NAME = AccentColor;
				CODE_SIGN_STYLE = Automatic;
				CURRENT_PROJECT_VERSION = 1;
				GENERATE_INFOPLIST_FILE = YES;
				INFOPLIST_FILE = ImageDownloadApp/Info.plist;
				INFOPLIST_KEY_UIApplicationSupportsIndirectInputEvents = YES;
				INFOPLIST_KEY_UILaunchStoryboardName = LaunchScreen;
				INFOPLIST_KEY_UIMainStoryboardFile = Main;
				INFOPLIST_KEY_UISupportedInterfaceOrientations = UIInterfaceOrientationPortrait;
				INFOPLIST_KEY_UISupportedInterfaceOrientations_iPad = "UIInterfaceOrientationLandscapeLeft UIInterfaceOrientationLandscapeRight UIInterfaceOrientationPortrait UIInterfaceOrientationPortraitUpsideDown";
				IPHONEOS_DEPLOYMENT_TARGET = 14.0;
				LD_RUNPATH_SEARCH_PATHS = (
					"$(inherited)",
					"@executable_path/Frameworks",
				);
				MARKETING_VERSION = 1.0;
				PRODUCT_BUNDLE_IDENTIFIER = com.jueun.ImageDownloadApp;
				PRODUCT_NAME = "$(TARGET_NAME)";
				SUPPORTED_PLATFORMS = "iphoneos iphonesimulator";
				SUPPORTS_MACCATALYST = NO;
				SUPPORTS_MAC_DESIGNED_FOR_IPHONE_IPAD = NO;
				SWIFT_EMIT_LOC_STRINGS = YES;
				SWIFT_VERSION = 5.0;
				TARGETED_DEVICE_FAMILY = 1;
			};
			name = Debug;
		};
		4193282129A356FA007650AA /* Release */ = {
			isa = XCBuildConfiguration;
			buildSettings = {
				ASSETCATALOG_COMPILER_APPICON_NAME = AppIcon;
				ASSETCATALOG_COMPILER_GLOBAL_ACCENT_COLOR_NAME = AccentColor;
				CODE_SIGN_STYLE = Automatic;
				CURRENT_PROJECT_VERSION = 1;
				GENERATE_INFOPLIST_FILE = YES;
				INFOPLIST_FILE = ImageDownloadApp/Info.plist;
				INFOPLIST_KEY_UIApplicationSupportsIndirectInputEvents = YES;
				INFOPLIST_KEY_UILaunchStoryboardName = LaunchScreen;
				INFOPLIST_KEY_UIMainStoryboardFile = Main;
				INFOPLIST_KEY_UISupportedInterfaceOrientations = UIInterfaceOrientationPortrait;
				INFOPLIST_KEY_UISupportedInterfaceOrientations_iPad = "UIInterfaceOrientationLandscapeLeft UIInterfaceOrientationLandscapeRight UIInterfaceOrientationPortrait UIInterfaceOrientationPortraitUpsideDown";
				IPHONEOS_DEPLOYMENT_TARGET = 14.0;
				LD_RUNPATH_SEARCH_PATHS = (
					"$(inherited)",
					"@executable_path/Frameworks",
				);
				MARKETING_VERSION = 1.0;
				PRODUCT_BUNDLE_IDENTIFIER = com.jueun.ImageDownloadApp;
				PRODUCT_NAME = "$(TARGET_NAME)";
				SUPPORTED_PLATFORMS = "iphoneos iphonesimulator";
				SUPPORTS_MACCATALYST = NO;
				SUPPORTS_MAC_DESIGNED_FOR_IPHONE_IPAD = NO;
				SWIFT_EMIT_LOC_STRINGS = YES;
				SWIFT_VERSION = 5.0;
				TARGETED_DEVICE_FAMILY = 1;
			};
			name = Release;
		};
		4193282329A356FA007650AA /* Debug */ = {
			isa = XCBuildConfiguration;
			buildSettings = {
				ALWAYS_EMBED_SWIFT_STANDARD_LIBRARIES = YES;
				BUNDLE_LOADER = "$(TEST_HOST)";
				CODE_SIGN_STYLE = Automatic;
				CURRENT_PROJECT_VERSION = 1;
				GENERATE_INFOPLIST_FILE = YES;
				IPHONEOS_DEPLOYMENT_TARGET = 16.2;
				MARKETING_VERSION = 1.0;
				PRODUCT_BUNDLE_IDENTIFIER = com.jueun.ImageDownloadAppTests;
				PRODUCT_NAME = "$(TARGET_NAME)";
				SWIFT_EMIT_LOC_STRINGS = NO;
				SWIFT_VERSION = 5.0;
				TARGETED_DEVICE_FAMILY = "1,2";
				TEST_HOST = "$(BUILT_PRODUCTS_DIR)/ImageDownloadApp.app/$(BUNDLE_EXECUTABLE_FOLDER_PATH)/ImageDownloadApp";
			};
			name = Debug;
		};
		4193282429A356FA007650AA /* Release */ = {
			isa = XCBuildConfiguration;
			buildSettings = {
				ALWAYS_EMBED_SWIFT_STANDARD_LIBRARIES = YES;
				BUNDLE_LOADER = "$(TEST_HOST)";
				CODE_SIGN_STYLE = Automatic;
				CURRENT_PROJECT_VERSION = 1;
				GENERATE_INFOPLIST_FILE = YES;
				IPHONEOS_DEPLOYMENT_TARGET = 16.2;
				MARKETING_VERSION = 1.0;
				PRODUCT_BUNDLE_IDENTIFIER = com.jueun.ImageDownloadAppTests;
				PRODUCT_NAME = "$(TARGET_NAME)";
				SWIFT_EMIT_LOC_STRINGS = NO;
				SWIFT_VERSION = 5.0;
				TARGETED_DEVICE_FAMILY = "1,2";
				TEST_HOST = "$(BUILT_PRODUCTS_DIR)/ImageDownloadApp.app/$(BUNDLE_EXECUTABLE_FOLDER_PATH)/ImageDownloadApp";
			};
			name = Release;
		};
		4193282629A356FA007650AA /* Debug */ = {
			isa = XCBuildConfiguration;
			buildSettings = {
				ALWAYS_EMBED_SWIFT_STANDARD_LIBRARIES = YES;
				CODE_SIGN_STYLE = Automatic;
				CURRENT_PROJECT_VERSION = 1;
				GENERATE_INFOPLIST_FILE = YES;
				MARKETING_VERSION = 1.0;
				PRODUCT_BUNDLE_IDENTIFIER = com.jueun.ImageDownloadAppUITests;
				PRODUCT_NAME = "$(TARGET_NAME)";
				SWIFT_EMIT_LOC_STRINGS = NO;
				SWIFT_VERSION = 5.0;
				TARGETED_DEVICE_FAMILY = "1,2";
				TEST_TARGET_NAME = ImageDownloadApp;
			};
			name = Debug;
		};
		4193282729A356FA007650AA /* Release */ = {
			isa = XCBuildConfiguration;
			buildSettings = {
				ALWAYS_EMBED_SWIFT_STANDARD_LIBRARIES = YES;
				CODE_SIGN_STYLE = Automatic;
				CURRENT_PROJECT_VERSION = 1;
				GENERATE_INFOPLIST_FILE = YES;
				MARKETING_VERSION = 1.0;
				PRODUCT_BUNDLE_IDENTIFIER = com.jueun.ImageDownloadAppUITests;
				PRODUCT_NAME = "$(TARGET_NAME)";
				SWIFT_EMIT_LOC_STRINGS = NO;
				SWIFT_VERSION = 5.0;
				TARGETED_DEVICE_FAMILY = "1,2";
				TEST_TARGET_NAME = ImageDownloadApp;
			};
			name = Release;
		};
/* End XCBuildConfiguration section */

/* Begin XCConfigurationList section */
		419327ED29A356F7007650AA /* Build configuration list for PBXProject "ImageDownloadApp" */ = {
			isa = XCConfigurationList;
			buildConfigurations = (
				4193281D29A356FA007650AA /* Debug */,
				4193281E29A356FA007650AA /* Release */,
			);
			defaultConfigurationIsVisible = 0;
			defaultConfigurationName = Release;
		};
		4193281F29A356FA007650AA /* Build configuration list for PBXNativeTarget "ImageDownloadApp" */ = {
			isa = XCConfigurationList;
			buildConfigurations = (
				4193282029A356FA007650AA /* Debug */,
				4193282129A356FA007650AA /* Release */,
			);
			defaultConfigurationIsVisible = 0;
			defaultConfigurationName = Release;
		};
		4193282229A356FA007650AA /* Build configuration list for PBXNativeTarget "ImageDownloadAppTests" */ = {
			isa = XCConfigurationList;
			buildConfigurations = (
				4193282329A356FA007650AA /* Debug */,
				4193282429A356FA007650AA /* Release */,
			);
			defaultConfigurationIsVisible = 0;
			defaultConfigurationName = Release;
		};
		4193282529A356FA007650AA /* Build configuration list for PBXNativeTarget "ImageDownloadAppUITests" */ = {
			isa = XCConfigurationList;
			buildConfigurations = (
				4193282629A356FA007650AA /* Debug */,
				4193282729A356FA007650AA /* Release */,
			);
			defaultConfigurationIsVisible = 0;
			defaultConfigurationName = Release;
		};
/* End XCConfigurationList section */

/* Begin XCVersionGroup section */
		419327FE29A356F7007650AA /* ImageDownloadApp.xcdatamodeld */ = {
			isa = XCVersionGroup;
			children = (
				419327FF29A356F7007650AA /* ImageDownloadApp.xcdatamodel */,
			);
			currentVersion = 419327FF29A356F7007650AA /* ImageDownloadApp.xcdatamodel */;
			path = ImageDownloadApp.xcdatamodeld;
			sourceTree = "<group>";
			versionGroupType = wrapper.xcdatamodel;
		};
/* End XCVersionGroup section */
	};
	rootObject = 419327EA29A356F7007650AA /* Project object */;
}
